
Microsoft Visual Studio Solution File, Format Version 12.00
# Visual Studio Version 17
VisualStudioVersion = 17.8.34525.116
MinimumVisualStudioVersion = 10.0.40219.1
Project("{8BC9CEB8-8B4A-11D0-8D11-00A0C91BC942}") = "ConsoleApplication2", "ConsoleApplication2\ConsoleApplication2.vcxproj", "{3F2915AF-C267-453F-A133-6610D634E23A}"
EndProject
Global
	GlobalSection(SolutionConfigurationPlatforms) = preSolution
		Debug|x64 = Debug|x64
		Debug|x86 = Debug|x86
		Release|x64 = Release|x64
		Release|x86 = Release|x86
	EndGlobalSection
	GlobalSection(ProjectConfigurationPlatforms) = postSolution
		{3F2915AF-C267-453F-A133-6610D634E23A}.Debug|x64.ActiveCfg = Debug|x64
		{3F2915AF-C267-453F-A133-6610D634E23A}.Debug|x64.Build.0 = Debug|x64
		{3F2915AF-C267-453F-A133-6610D634E23A}.Debug|x86.ActiveCfg = Debug|Win32
		{3F2915AF-C267-453F-A133-6610D634E23A}.Debug|x86.Build.0 = Debug|Win32
		{3F2915AF-C267-453F-A133-6610D634E23A}.Release|x64.ActiveCfg = Release|x64
		{3F2915AF-C267-453F-A133-6610D634E23A}.Release|x64.Build.0 = Release|x64
		{3F2915AF-C267-453F-A133-6610D634E23A}.Release|x86.ActiveCfg = Release|Win32
		{3F2915AF-C267-453F-A133-6610D634E23A}.Release|x86.Build.0 = Release|Win32
	EndGlobalSection
	GlobalSection(SolutionProperties) = preSolution
		HideSolutionNode = FALSE
	EndGlobalSection
	GlobalSection(ExtensibilityGlobals) = postSolution
		SolutionGuid = {4F40308F-B6FA-44A1-996A-5F17BDA83095}
	EndGlobalSection
EndGlobal
